
Microsoft Visual Studio Solution File, Format Version 12.00
# Visual Studio 2012
Project("{FAE04EC0-301F-11D3-BF4B-00C04F79EFBC}") = "IoCLab", "IoCLab\IoCLab.csproj", "{1F3D635E-FB55-45A1-94A6-F0E95009AD86}"
EndProject
Project("{FAE04EC0-301F-11D3-BF4B-00C04F79EFBC}") = "Controllers", "Controllers\Controllers.csproj", "{E13C8EE7-CC2D-4BF3-8414-925A58D6FD4D}"
EndProject
Project("{FAE04EC0-301F-11D3-BF4B-00C04F79EFBC}") = "MoreControllers", "MoreControllers\MoreControllers.csproj", "{86B1EA9E-D292-48B5-B052-0ABAB7C97883}"
EndProject
Global
	GlobalSection(SolutionConfigurationPlatforms) = preSolution
		Debug|Any CPU = Debug|Any CPU
		Debug|Mixed Platforms = Debug|Mixed Platforms
		Debug|x86 = Debug|x86
		Release|Any CPU = Release|Any CPU
		Release|Mixed Platforms = Release|Mixed Platforms
		Release|x86 = Release|x86
	EndGlobalSection
	GlobalSection(ProjectConfigurationPlatforms) = postSolution
		{1F3D635E-FB55-45A1-94A6-F0E95009AD86}.Debug|Any CPU.ActiveCfg = Debug|x86
		{1F3D635E-FB55-45A1-94A6-F0E95009AD86}.Debug|Mixed Platforms.ActiveCfg = Debug|x86
		{1F3D635E-FB55-45A1-94A6-F0E95009AD86}.Debug|Mixed Platforms.Build.0 = Debug|x86
		{1F3D635E-FB55-45A1-94A6-F0E95009AD86}.Debug|x86.ActiveCfg = Debug|x86
		{1F3D635E-FB55-45A1-94A6-F0E95009AD86}.Debug|x86.Build.0 = Debug|x86
		{1F3D635E-FB55-45A1-94A6-F0E95009AD86}.Release|Any CPU.ActiveCfg = Release|x86
		{1F3D635E-FB55-45A1-94A6-F0E95009AD86}.Release|Mixed Platforms.ActiveCfg = Release|x86
		{1F3D635E-FB55-45A1-94A6-F0E95009AD86}.Release|Mixed Platforms.Build.0 = Release|x86
		{1F3D635E-FB55-45A1-94A6-F0E95009AD86}.Release|x86.ActiveCfg = Release|x86
		{1F3D635E-FB55-45A1-94A6-F0E95009AD86}.Release|x86.Build.0 = Release|x86
		{E13C8EE7-CC2D-4BF3-8414-925A58D6FD4D}.Debug|Any CPU.ActiveCfg = Debug|Any CPU
		{E13C8EE7-CC2D-4BF3-8414-925A58D6FD4D}.Debug|Any CPU.Build.0 = Debug|Any CPU
		{E13C8EE7-CC2D-4BF3-8414-925A58D6FD4D}.Debug|Mixed Platforms.ActiveCfg = Debug|Any CPU
		{E13C8EE7-CC2D-4BF3-8414-925A58D6FD4D}.Debug|Mixed Platforms.Build.0 = Debug|Any CPU
		{E13C8EE7-CC2D-4BF3-8414-925A58D6FD4D}.Debug|x86.ActiveCfg = Debug|Any CPU
		{E13C8EE7-CC2D-4BF3-8414-925A58D6FD4D}.Release|Any CPU.ActiveCfg = Release|Any CPU
		{E13C8EE7-CC2D-4BF3-8414-925A58D6FD4D}.Release|Any CPU.Build.0 = Release|Any CPU
		{E13C8EE7-CC2D-4BF3-8414-925A58D6FD4D}.Release|Mixed Platforms.ActiveCfg = Release|Any CPU
		{E13C8EE7-CC2D-4BF3-8414-925A58D6FD4D}.Release|Mixed Platforms.Build.0 = Release|Any CPU
		{E13C8EE7-CC2D-4BF3-8414-925A58D6FD4D}.Release|x86.ActiveCfg = Release|Any CPU
		{86B1EA9E-D292-48B5-B052-0ABAB7C97883}.Debug|Any CPU.ActiveCfg = Debug|Any CPU
		{86B1EA9E-D292-48B5-B052-0ABAB7C97883}.Debug|Any CPU.Build.0 = Debug|Any CPU
		{86B1EA9E-D292-48B5-B052-0ABAB7C97883}.Debug|Mixed Platforms.ActiveCfg = Debug|Any CPU
		{86B1EA9E-D292-48B5-B052-0ABAB7C97883}.Debug|Mixed Platforms.Build.0 = Debug|Any CPU
		{86B1EA9E-D292-48B5-B052-0ABAB7C97883}.Debug|x86.ActiveCfg = Debug|Any CPU
		{86B1EA9E-D292-48B5-B052-0ABAB7C97883}.Release|Any CPU.ActiveCfg = Release|Any CPU
		{86B1EA9E-D292-48B5-B052-0ABAB7C97883}.Release|Any CPU.Build.0 = Release|Any CPU
		{86B1EA9E-D292-48B5-B052-0ABAB7C97883}.Release|Mixed Platforms.ActiveCfg = Release|Any CPU
		{86B1EA9E-D292-48B5-B052-0ABAB7C97883}.Release|Mixed Platforms.Build.0 = Release|Any CPU
		{86B1EA9E-D292-48B5-B052-0ABAB7C97883}.Release|x86.ActiveCfg = Release|Any CPU
	EndGlobalSection
	GlobalSection(SolutionProperties) = preSolution
		HideSolutionNode = FALSE
	EndGlobalSection
EndGlobal
